
Microsoft Visual Studio Solution File, Format Version 12.00
# Visual Studio Version 16
VisualStudioVersion = 16.0.30517.126
MinimumVisualStudioVersion = 10.0.40219.1
Project("{FAE04EC0-301F-11D3-BF4B-00C04F79EFBC}") = "Assignment3RESTService", "Assignment3RESTService\Assignment3RESTService.csproj", "{216CA510-749F-483A-B24F-4C81D0237B07}"
EndProject
Global
	GlobalSection(SolutionConfigurationPlatforms) = preSolution
		Debug|Any CPU = Debug|Any CPU
		Release|Any CPU = Release|Any CPU
	EndGlobalSection
	GlobalSection(ProjectConfigurationPlatforms) = postSolution
		{216CA510-749F-483A-B24F-4C81D0237B07}.Debug|Any CPU.ActiveCfg = Debug|Any CPU
		{216CA510-749F-483A-B24F-4C81D0237B07}.Debug|Any CPU.Build.0 = Debug|Any CPU
		{216CA510-749F-483A-B24F-4C81D0237B07}.Release|Any CPU.ActiveCfg = Release|Any CPU
		{216CA510-749F-483A-B24F-4C81D0237B07}.Release|Any CPU.Build.0 = Release|Any CPU
	EndGlobalSection
	GlobalSection(SolutionProperties) = preSolution
		HideSolutionNode = FALSE
	EndGlobalSection
	GlobalSection(ExtensibilityGlobals) = postSolution
		SolutionGuid = {27BCC741-7893-4190-A271-9A32DFCB2A35}
	EndGlobalSection
EndGlobal
